
Microsoft Visual Studio Solution File, Format Version 12.00
# Visual Studio Version 17
VisualStudioVersion = 17.1.32319.34
MinimumVisualStudioVersion = 10.0.40219.1
Project("{FAE04EC0-301F-11D3-BF4B-00C04F79EFBC}") = "CHameleonHashApi_for_CSharp", "CHameleonHashApi_for_CSharp\CHameleonHashApi_for_CSharp.csproj", "{B39471B1-EC66-4107-9C95-E194236B45C8}"
EndProject
Global
	GlobalSection(SolutionConfigurationPlatforms) = preSolution
		Debug|Any CPU = Debug|Any CPU
		Release|Any CPU = Release|Any CPU
	EndGlobalSection
	GlobalSection(ProjectConfigurationPlatforms) = postSolution
		{B39471B1-EC66-4107-9C95-E194236B45C8}.Debug|Any CPU.ActiveCfg = Debug|Any CPU
		{B39471B1-EC66-4107-9C95-E194236B45C8}.Debug|Any CPU.Build.0 = Debug|Any CPU
		{B39471B1-EC66-4107-9C95-E194236B45C8}.Release|Any CPU.ActiveCfg = Release|Any CPU
		{B39471B1-EC66-4107-9C95-E194236B45C8}.Release|Any CPU.Build.0 = Release|Any CPU
	EndGlobalSection
	GlobalSection(SolutionProperties) = preSolution
		HideSolutionNode = FALSE
	EndGlobalSection
	GlobalSection(ExtensibilityGlobals) = postSolution
		SolutionGuid = {4BEAB72C-D4E3-4B06-8608-A5D71FAE1CF0}
	EndGlobalSection
EndGlobal
